
Microsoft Visual Studio Solution File, Format Version 12.00
# Visual Studio Version 16
VisualStudioVersion = 16.0.31205.134
MinimumVisualStudioVersion = 10.0.40219.1
Project("{FAE04EC0-301F-11D3-BF4B-00C04F79EFBC}") = "TestProject1", "TestProject1.csproj", "{39757A98-FD4C-4B7D-B665-99E1E429891A}"
EndProject
Global
	GlobalSection(SolutionConfigurationPlatforms) = preSolution
		Debug|Any CPU = Debug|Any CPU
		Release|Any CPU = Release|Any CPU
	EndGlobalSection
	GlobalSection(ProjectConfigurationPlatforms) = postSolution
		{39757A98-FD4C-4B7D-B665-99E1E429891A}.Debug|Any CPU.ActiveCfg = Debug|Any CPU
		{39757A98-FD4C-4B7D-B665-99E1E429891A}.Debug|Any CPU.Build.0 = Debug|Any CPU
		{39757A98-FD4C-4B7D-B665-99E1E429891A}.Release|Any CPU.ActiveCfg = Release|Any CPU
		{39757A98-FD4C-4B7D-B665-99E1E429891A}.Release|Any CPU.Build.0 = Release|Any CPU
	EndGlobalSection
	GlobalSection(SolutionProperties) = preSolution
		HideSolutionNode = FALSE
	EndGlobalSection
	GlobalSection(ExtensibilityGlobals) = postSolution
		SolutionGuid = {950D635E-60CF-475C-94FB-23C5C5F17478}
	EndGlobalSection
EndGlobal
